
Microsoft Visual Studio Solution File, Format Version 12.00
# Visual Studio 2013
VisualStudioVersion = 12.0.40629.0
MinimumVisualStudioVersion = 10.0.40219.1
Project("{FAE04EC0-301F-11D3-BF4B-00C04F79EFBC}") = "WebApplication3", "WebApplication3\WebApplication3.csproj", "{00ED2EF6-3D87-4813-804D-B6BCAD87865F}"
EndProject
Project("{2150E333-8FDC-42A3-9474-1A3956D46DE8}") = "PublishScripts", "PublishScripts", "{EDFCC45D-E215-4F9B-AD63-175BE47AD747}"
	ProjectSection(SolutionItems) = preProject
		PublishScripts\AzureWebsitePublishModule.psm1 = PublishScripts\AzureWebsitePublishModule.psm1
		PublishScripts\Publish-WebApplicationWebsite.ps1 = PublishScripts\Publish-WebApplicationWebsite.ps1
	EndProjectSection
EndProject
Project("{2150E333-8FDC-42A3-9474-1A3956D46DE8}") = "Configurations", "Configurations", "{B46EDB17-8A73-43B2-97E9-E7EFF6E8A974}"
	ProjectSection(SolutionItems) = preProject
		PublishScripts\Configurations\WebApplication3-WAWS-dev.json = PublishScripts\Configurations\WebApplication3-WAWS-dev.json
	EndProjectSection
EndProject
Global
	GlobalSection(SolutionConfigurationPlatforms) = preSolution
		Debug|Any CPU = Debug|Any CPU
		Release|Any CPU = Release|Any CPU
	EndGlobalSection
	GlobalSection(ProjectConfigurationPlatforms) = postSolution
		{00ED2EF6-3D87-4813-804D-B6BCAD87865F}.Debug|Any CPU.ActiveCfg = Debug|Any CPU
		{00ED2EF6-3D87-4813-804D-B6BCAD87865F}.Debug|Any CPU.Build.0 = Debug|Any CPU
		{00ED2EF6-3D87-4813-804D-B6BCAD87865F}.Release|Any CPU.ActiveCfg = Release|Any CPU
		{00ED2EF6-3D87-4813-804D-B6BCAD87865F}.Release|Any CPU.Build.0 = Release|Any CPU
	EndGlobalSection
	GlobalSection(SolutionProperties) = preSolution
		HideSolutionNode = FALSE
	EndGlobalSection
	GlobalSection(NestedProjects) = preSolution
		{B46EDB17-8A73-43B2-97E9-E7EFF6E8A974} = {EDFCC45D-E215-4F9B-AD63-175BE47AD747}
	EndGlobalSection
EndGlobal
